{
  "dependencies": {
    "csvtojson": {
      "version": "0.5.2",
      "resolved": "https://registry.npmjs.org/csvtojson/-/csvtojson-0.5.2.tgz",
      "from": "csvtojson@0.5.2",
      "dependencies": {
        "async": {
          "version": "1.5.2",
          "resolved": "https://registry.npmjs.org/async/-/async-1.5.2.tgz",
          "from": "async@1.5.2"
        }
      }
    },
    "gramophone": {
      "version": "0.0.3",
      "resolved": "https://registry.npmjs.org/gramophone/-/gramophone-0.0.3.tgz",
      "from": "gramophone@0.0.3",
      "dependencies": {
        "event-stream": {
          "version": "3.0.20",
          "resolved": "https://registry.npmjs.org/event-stream/-/event-stream-3.0.20.tgz",
          "from": "event-stream@>=3.0.8 <3.1.0",
          "dependencies": {
            "duplexer": {
              "version": "0.1.1",
              "resolved": "https://registry.npmjs.org/duplexer/-/duplexer-0.1.1.tgz",
              "from": "duplexer@>=0.1.1 <0.2.0"
            },
            "from": {
              "version": "0.1.3",
              "resolved": "https://registry.npmjs.org/from/-/from-0.1.3.tgz",
              "from": "from@>=0.0.0 <1.0.0"
            },
            "map-stream": {
              "version": "0.0.6",
              "resolved": "https://registry.npmjs.org/map-stream/-/map-stream-0.0.6.tgz",
              "from": "map-stream@>=0.0.3 <0.1.0"
            },
            "pause-stream": {
              "version": "0.0.11",
              "resolved": "https://registry.npmjs.org/pause-stream/-/pause-stream-0.0.11.tgz",
              "from": "pause-stream@0.0.11"
            },
            "split": {
              "version": "0.2.10",
              "resolved": "https://registry.npmjs.org/split/-/split-0.2.10.tgz",
              "from": "split@>=0.2.0 <0.3.0"
            },
            "stream-combiner": {
              "version": "0.0.4",
              "resolved": "https://registry.npmjs.org/stream-combiner/-/stream-combiner-0.0.4.tgz",
              "from": "stream-combiner@>=0.0.3 <0.1.0"
            },
            "through": {
              "version": "2.3.8",
              "resolved": "https://registry.npmjs.org/through/-/through-2.3.8.tgz",
              "from": "through@>=2.3.1 <2.4.0"
            }
          }
        },
        "lodash": {
          "version": "0.8.2",
          "resolved": "https://registry.npmjs.org/lodash/-/lodash-0.8.2.tgz",
          "from": "lodash@>=0.8.2 <0.9.0"
        },
        "natural": {
          "version": "0.1.29",
          "resolved": "https://registry.npmjs.org/natural/-/natural-0.1.29.tgz",
          "from": "natural@>=0.1.18 <0.2.0",
          "dependencies": {
            "apparatus": {
              "version": "0.0.9",
              "resolved": "https://registry.npmjs.org/apparatus/-/apparatus-0.0.9.tgz",
              "from": "apparatus@>=0.0.6"
            },
            "sylvester": {
              "version": "0.0.21",
              "resolved": "https://registry.npmjs.org/sylvester/-/sylvester-0.0.21.tgz",
              "from": "sylvester@>=0.0.12"
            },
            "underscore": {
              "version": "1.8.3",
              "resolved": "https://registry.npmjs.org/underscore/-/underscore-1.8.3.tgz",
              "from": "underscore@>=1.3.1"
            }
          }
        },
        "underscore.string": {
          "version": "2.3.3",
          "resolved": "https://registry.npmjs.org/underscore.string/-/underscore.string-2.3.3.tgz",
          "from": "underscore.string@>=2.3.1 <2.4.0"
        }
      }
    },
    "html-to-text": {
      "version": "1.6.0",
      "resolved": "https://registry.npmjs.org/html-to-text/-/html-to-text-1.6.0.tgz",
      "from": "html-to-text@1.6.0",
      "dependencies": {
        "htmlparser": {
          "version": "1.7.7",
          "resolved": "https://registry.npmjs.org/htmlparser/-/htmlparser-1.7.7.tgz",
          "from": "htmlparser@1.7.7"
        },
        "optimist": {
          "version": "0.6.1",
          "resolved": "https://registry.npmjs.org/optimist/-/optimist-0.6.1.tgz",
          "from": "optimist@0.6.1",
          "dependencies": {
            "minimist": {
              "version": "0.0.10",
              "resolved": "https://registry.npmjs.org/minimist/-/minimist-0.0.10.tgz",
              "from": "minimist@0.0.10"
            },
            "wordwrap": {
              "version": "0.0.3",
              "resolved": "https://registry.npmjs.org/wordwrap/-/wordwrap-0.0.3.tgz",
              "from": "wordwrap@0.0.3"
            }
          }
        },
        "underscore": {
          "version": "1.8.3",
          "resolved": "https://registry.npmjs.org/underscore/-/underscore-1.8.3.tgz",
          "from": "underscore@1.8.3"
        },
        "underscore.string": {
          "version": "2.4.0",
          "resolved": "https://registry.npmjs.org/underscore.string/-/underscore.string-2.4.0.tgz",
          "from": "underscore.string@2.4.0"
        }
      }
    },
    "json2csv": {
      "version": "3.2.0",
      "resolved": "https://registry.npmjs.org/json2csv/-/json2csv-3.2.0.tgz",
      "from": "json2csv@3.2.0",
      "dependencies": {
        "cli-table": {
          "version": "0.3.1",
          "resolved": "https://registry.npmjs.org/cli-table/-/cli-table-0.3.1.tgz",
          "from": "cli-table@0.3.1",
          "dependencies": {
            "colors": {
              "version": "1.0.3",
              "resolved": "https://registry.npmjs.org/colors/-/colors-1.0.3.tgz",
              "from": "colors@1.0.3"
            }
          }
        },
        "commander": {
          "version": "2.9.0",
          "resolved": "https://registry.npmjs.org/commander/-/commander-2.9.0.tgz",
          "from": "commander@2.9.0",
          "dependencies": {
            "graceful-readlink": {
              "version": "1.0.1",
              "resolved": "https://registry.npmjs.org/graceful-readlink/-/graceful-readlink-1.0.1.tgz",
              "from": "graceful-readlink@1.0.1"
            }
          }
        },
        "debug": {
          "version": "2.2.0",
          "resolved": "https://registry.npmjs.org/debug/-/debug-2.2.0.tgz",
          "from": "debug@2.2.0",
          "dependencies": {
            "ms": {
              "version": "0.7.1",
              "resolved": "https://registry.npmjs.org/ms/-/ms-0.7.1.tgz",
              "from": "ms@0.7.1"
            }
          }
        },
        "flat": {
          "version": "1.6.1",
          "resolved": "https://registry.npmjs.org/flat/-/flat-1.6.1.tgz",
          "from": "flat@1.6.1",
          "dependencies": {
            "is-buffer": {
              "version": "1.1.2",
              "resolved": "https://registry.npmjs.org/is-buffer/-/is-buffer-1.1.2.tgz",
              "from": "is-buffer@1.1.2"
            }
          }
        },
        "lodash.get": {
          "version": "3.7.0",
          "resolved": "https://registry.npmjs.org/lodash.get/-/lodash.get-3.7.0.tgz",
          "from": "lodash.get@3.7.0",
          "dependencies": {
            "lodash._baseget": {
              "version": "3.7.2",
              "resolved": "https://registry.npmjs.org/lodash._baseget/-/lodash._baseget-3.7.2.tgz",
              "from": "lodash._baseget@3.7.2"
            },
            "lodash._topath": {
              "version": "3.8.1",
              "resolved": "https://registry.npmjs.org/lodash._topath/-/lodash._topath-3.8.1.tgz",
              "from": "lodash._topath@3.8.1",
              "dependencies": {
                "lodash.isarray": {
                  "version": "3.0.4",
                  "resolved": "https://registry.npmjs.org/lodash.isarray/-/lodash.isarray-3.0.4.tgz",
                  "from": "lodash.isarray@3.0.4"
                }
              }
            }
          }
        },
        "path-is-absolute": {
          "version": "1.0.0",
          "resolved": "https://registry.npmjs.org/path-is-absolute/-/path-is-absolute-1.0.0.tgz",
          "from": "path-is-absolute@1.0.0"
        }
      }
    },
    "request": {
      "version": "2.61.0",
      "resolved": "https://registry.npmjs.org/request/-/request-2.61.0.tgz",
      "from": "request@2.61.0",
      "dependencies": {
        "aws-sign2": {
          "version": "0.5.0",
          "resolved": "https://registry.npmjs.org/aws-sign2/-/aws-sign2-0.5.0.tgz",
          "from": "aws-sign2@0.5.0"
        },
        "bl": {
          "version": "1.0.1",
          "resolved": "https://registry.npmjs.org/bl/-/bl-1.0.1.tgz",
          "from": "bl@1.0.1",
          "dependencies": {
            "readable-stream": {
              "version": "2.0.5",
              "resolved": "https://registry.npmjs.org/readable-stream/-/readable-stream-2.0.5.tgz",
              "from": "readable-stream@2.0.5",
              "dependencies": {
                "core-util-is": {
                  "version": "1.0.2",
                  "resolved": "https://registry.npmjs.org/core-util-is/-/core-util-is-1.0.2.tgz",
                  "from": "core-util-is@1.0.2"
                },
                "inherits": {
                  "version": "2.0.1",
                  "resolved": "https://registry.npmjs.org/inherits/-/inherits-2.0.1.tgz",
                  "from": "inherits@2.0.1"
                },
                "isarray": {
                  "version": "0.0.1",
                  "resolved": "https://registry.npmjs.org/isarray/-/isarray-0.0.1.tgz",
                  "from": "isarray@0.0.1"
                },
                "process-nextick-args": {
                  "version": "1.0.6",
                  "resolved": "https://registry.npmjs.org/process-nextick-args/-/process-nextick-args-1.0.6.tgz",
                  "from": "process-nextick-args@1.0.6"
                },
                "string_decoder": {
                  "version": "0.10.31",
                  "resolved": "https://registry.npmjs.org/string_decoder/-/string_decoder-0.10.31.tgz",
                  "from": "string_decoder@0.10.31"
                },
                "util-deprecate": {
                  "version": "1.0.2",
                  "resolved": "https://registry.npmjs.org/util-deprecate/-/util-deprecate-1.0.2.tgz",
                  "from": "util-deprecate@1.0.2"
                }
              }
            }
          }
        },
        "caseless": {
          "version": "0.11.0",
          "resolved": "https://registry.npmjs.org/caseless/-/caseless-0.11.0.tgz",
          "from": "caseless@0.11.0"
        },
        "combined-stream": {
          "version": "1.0.5",
          "resolved": "https://registry.npmjs.org/combined-stream/-/combined-stream-1.0.5.tgz",
          "from": "combined-stream@1.0.5",
          "dependencies": {
            "delayed-stream": {
              "version": "1.0.0",
              "resolved": "https://registry.npmjs.org/delayed-stream/-/delayed-stream-1.0.0.tgz",
              "from": "delayed-stream@1.0.0"
            }
          }
        },
        "extend": {
          "version": "3.0.0",
          "resolved": "https://registry.npmjs.org/extend/-/extend-3.0.0.tgz",
          "from": "extend@3.0.0"
        },
        "forever-agent": {
          "version": "0.6.1",
          "resolved": "https://registry.npmjs.org/forever-agent/-/forever-agent-0.6.1.tgz",
          "from": "forever-agent@0.6.1"
        },
        "form-data": {
          "version": "1.0.0-rc3",
          "resolved": "https://registry.npmjs.org/form-data/-/form-data-1.0.0-rc3.tgz",
          "from": "form-data@1.0.0-rc3",
          "dependencies": {
            "async": {
              "version": "1.5.2",
              "resolved": "https://registry.npmjs.org/async/-/async-1.5.2.tgz",
              "from": "async@1.5.2"
            }
          }
        },
        "har-validator": {
          "version": "1.8.0",
          "resolved": "https://registry.npmjs.org/har-validator/-/har-validator-1.8.0.tgz",
          "from": "har-validator@1.8.0",
          "dependencies": {
            "bluebird": {
              "version": "2.10.2",
              "resolved": "https://registry.npmjs.org/bluebird/-/bluebird-2.10.2.tgz",
              "from": "bluebird@2.10.2"
            },
            "chalk": {
              "version": "1.1.1",
              "resolved": "https://registry.npmjs.org/chalk/-/chalk-1.1.1.tgz",
              "from": "chalk@1.1.1",
              "dependencies": {
                "ansi-styles": {
                  "version": "2.1.0",
                  "resolved": "https://registry.npmjs.org/ansi-styles/-/ansi-styles-2.1.0.tgz",
                  "from": "ansi-styles@2.1.0"
                },
                "escape-string-regexp": {
                  "version": "1.0.4",
                  "resolved": "https://registry.npmjs.org/escape-string-regexp/-/escape-string-regexp-1.0.4.tgz",
                  "from": "escape-string-regexp@1.0.4"
                },
                "has-ansi": {
                  "version": "2.0.0",
                  "resolved": "https://registry.npmjs.org/has-ansi/-/has-ansi-2.0.0.tgz",
                  "from": "has-ansi@2.0.0",
                  "dependencies": {
                    "ansi-regex": {
                      "version": "2.0.0",
                      "resolved": "https://registry.npmjs.org/ansi-regex/-/ansi-regex-2.0.0.tgz",
                      "from": "ansi-regex@2.0.0"
                    }
                  }
                },
                "strip-ansi": {
                  "version": "3.0.0",
                  "resolved": "https://registry.npmjs.org/strip-ansi/-/strip-ansi-3.0.0.tgz",
                  "from": "strip-ansi@3.0.0",
                  "dependencies": {
                    "ansi-regex": {
                      "version": "2.0.0",
                      "resolved": "https://registry.npmjs.org/ansi-regex/-/ansi-regex-2.0.0.tgz",
                      "from": "ansi-regex@2.0.0"
                    }
                  }
                },
                "supports-color": {
                  "version": "2.0.0",
                  "resolved": "https://registry.npmjs.org/supports-color/-/supports-color-2.0.0.tgz",
                  "from": "supports-color@2.0.0"
                }
              }
            },
            "commander": {
              "version": "2.9.0",
              "resolved": "https://registry.npmjs.org/commander/-/commander-2.9.0.tgz",
              "from": "commander@2.9.0",
              "dependencies": {
                "graceful-readlink": {
                  "version": "1.0.1",
                  "resolved": "https://registry.npmjs.org/graceful-readlink/-/graceful-readlink-1.0.1.tgz",
                  "from": "graceful-readlink@1.0.1"
                }
              }
            },
            "is-my-json-valid": {
              "version": "2.12.4",
              "resolved": "https://registry.npmjs.org/is-my-json-valid/-/is-my-json-valid-2.12.4.tgz",
              "from": "is-my-json-valid@2.12.4",
              "dependencies": {
                "generate-function": {
                  "version": "2.0.0",
                  "resolved": "https://registry.npmjs.org/generate-function/-/generate-function-2.0.0.tgz",
                  "from": "generate-function@2.0.0"
                },
                "generate-object-property": {
                  "version": "1.2.0",
                  "resolved": "https://registry.npmjs.org/generate-object-property/-/generate-object-property-1.2.0.tgz",
                  "from": "generate-object-property@1.2.0",
                  "dependencies": {
                    "is-property": {
                      "version": "1.0.2",
                      "resolved": "https://registry.npmjs.org/is-property/-/is-property-1.0.2.tgz",
                      "from": "is-property@1.0.2"
                    }
                  }
                },
                "jsonpointer": {
                  "version": "2.0.0",
                  "resolved": "https://registry.npmjs.org/jsonpointer/-/jsonpointer-2.0.0.tgz",
                  "from": "jsonpointer@2.0.0"
                },
                "xtend": {
                  "version": "4.0.1",
                  "resolved": "https://registry.npmjs.org/xtend/-/xtend-4.0.1.tgz",
                  "from": "xtend@4.0.1"
                }
              }
            }
          }
        },
        "hawk": {
          "version": "3.1.3",
          "resolved": "https://registry.npmjs.org/hawk/-/hawk-3.1.3.tgz",
          "from": "hawk@3.1.3",
          "dependencies": {
            "boom": {
              "version": "2.10.1",
              "resolved": "https://registry.npmjs.org/boom/-/boom-2.10.1.tgz",
              "from": "boom@2.10.1"
            },
            "cryptiles": {
              "version": "2.0.5",
              "resolved": "https://registry.npmjs.org/cryptiles/-/cryptiles-2.0.5.tgz",
              "from": "cryptiles@2.0.5"
            },
            "hoek": {
              "version": "2.16.3",
              "resolved": "https://registry.npmjs.org/hoek/-/hoek-2.16.3.tgz",
              "from": "hoek@2.16.3"
            },
            "sntp": {
              "version": "1.0.9",
              "resolved": "https://registry.npmjs.org/sntp/-/sntp-1.0.9.tgz",
              "from": "sntp@1.0.9"
            }
          }
        },
        "http-signature": {
          "version": "0.11.0",
          "resolved": "https://registry.npmjs.org/http-signature/-/http-signature-0.11.0.tgz",
          "from": "http-signature@0.11.0",
          "dependencies": {
            "asn1": {
              "version": "0.1.11",
              "resolved": "https://registry.npmjs.org/asn1/-/asn1-0.1.11.tgz",
              "from": "asn1@0.1.11"
            },
            "assert-plus": {
              "version": "0.1.5",
              "resolved": "https://registry.npmjs.org/assert-plus/-/assert-plus-0.1.5.tgz",
              "from": "assert-plus@0.1.5"
            },
            "ctype": {
              "version": "0.5.3",
              "resolved": "https://registry.npmjs.org/ctype/-/ctype-0.5.3.tgz",
              "from": "ctype@0.5.3"
            }
          }
        },
        "isstream": {
          "version": "0.1.2",
          "resolved": "https://registry.npmjs.org/isstream/-/isstream-0.1.2.tgz",
          "from": "isstream@0.1.2"
        },
        "json-stringify-safe": {
          "version": "5.0.1",
          "resolved": "https://registry.npmjs.org/json-stringify-safe/-/json-stringify-safe-5.0.1.tgz",
          "from": "json-stringify-safe@5.0.1"
        },
        "mime-types": {
          "version": "2.1.9",
          "resolved": "https://registry.npmjs.org/mime-types/-/mime-types-2.1.9.tgz",
          "from": "mime-types@2.1.9",
          "dependencies": {
            "mime-db": {
              "version": "1.21.0",
              "resolved": "https://registry.npmjs.org/mime-db/-/mime-db-1.21.0.tgz",
              "from": "mime-db@1.21.0"
            }
          }
        },
        "node-uuid": {
          "version": "1.4.7",
          "resolved": "https://registry.npmjs.org/node-uuid/-/node-uuid-1.4.7.tgz",
          "from": "node-uuid@1.4.7"
        },
        "oauth-sign": {
          "version": "0.8.1",
          "resolved": "https://registry.npmjs.org/oauth-sign/-/oauth-sign-0.8.1.tgz",
          "from": "oauth-sign@0.8.1"
        },
        "qs": {
          "version": "4.0.0",
          "resolved": "https://registry.npmjs.org/qs/-/qs-4.0.0.tgz",
          "from": "qs@4.0.0"
        },
        "stringstream": {
          "version": "0.0.5",
          "resolved": "https://registry.npmjs.org/stringstream/-/stringstream-0.0.5.tgz",
          "from": "stringstream@0.0.5"
        },
        "tough-cookie": {
          "version": "2.2.1",
          "resolved": "https://registry.npmjs.org/tough-cookie/-/tough-cookie-2.2.1.tgz",
          "from": "tough-cookie@2.2.1"
        },
        "tunnel-agent": {
          "version": "0.4.2",
          "resolved": "https://registry.npmjs.org/tunnel-agent/-/tunnel-agent-0.4.2.tgz",
          "from": "tunnel-agent@0.4.2"
        }
      }
    },
    "textract": {
      "version": "1.2.1",
      "resolved": "https://registry.npmjs.org/textract/-/textract-1.2.1.tgz",
      "from": "textract@1.2.1",
      "dependencies": {
        "cheerio": {
          "version": "0.19.0",
          "resolved": "https://registry.npmjs.org/cheerio/-/cheerio-0.19.0.tgz",
          "from": "cheerio@0.19.0",
          "dependencies": {
            "css-select": {
              "version": "1.0.0",
              "resolved": "https://registry.npmjs.org/css-select/-/css-select-1.0.0.tgz",
              "from": "css-select@1.0.0",
              "dependencies": {
                "boolbase": {
                  "version": "1.0.0",
                  "resolved": "https://registry.npmjs.org/boolbase/-/boolbase-1.0.0.tgz",
                  "from": "boolbase@1.0.0"
                },
                "css-what": {
                  "version": "1.0.0",
                  "resolved": "https://registry.npmjs.org/css-what/-/css-what-1.0.0.tgz",
                  "from": "css-what@1.0.0"
                },
                "domutils": {
                  "version": "1.4.3",
                  "resolved": "https://registry.npmjs.org/domutils/-/domutils-1.4.3.tgz",
                  "from": "domutils@1.4.3",
                  "dependencies": {
                    "domelementtype": {
                      "version": "1.3.0",
                      "resolved": "https://registry.npmjs.org/domelementtype/-/domelementtype-1.3.0.tgz",
                      "from": "domelementtype@1.3.0"
                    }
                  }
                },
                "nth-check": {
                  "version": "1.0.1",
                  "resolved": "https://registry.npmjs.org/nth-check/-/nth-check-1.0.1.tgz",
                  "from": "nth-check@1.0.1"
                }
              }
            },
            "dom-serializer": {
              "version": "0.1.0",
              "resolved": "https://registry.npmjs.org/dom-serializer/-/dom-serializer-0.1.0.tgz",
              "from": "dom-serializer@0.1.0",
              "dependencies": {
                "domelementtype": {
                  "version": "1.1.3",
                  "resolved": "https://registry.npmjs.org/domelementtype/-/domelementtype-1.1.3.tgz",
                  "from": "domelementtype@1.1.3"
                }
              }
            },
            "entities": {
              "version": "1.1.1",
              "resolved": "https://registry.npmjs.org/entities/-/entities-1.1.1.tgz",
              "from": "entities@1.1.1"
            },
            "htmlparser2": {
              "version": "3.8.3",
              "resolved": "https://registry.npmjs.org/htmlparser2/-/htmlparser2-3.8.3.tgz",
              "from": "htmlparser2@3.8.3",
              "dependencies": {
                "domelementtype": {
                  "version": "1.3.0",
                  "resolved": "https://registry.npmjs.org/domelementtype/-/domelementtype-1.3.0.tgz",
                  "from": "domelementtype@1.3.0"
                },
                "domhandler": {
                  "version": "2.3.0",
                  "resolved": "https://registry.npmjs.org/domhandler/-/domhandler-2.3.0.tgz",
                  "from": "domhandler@2.3.0"
                },
                "domutils": {
                  "version": "1.5.1",
                  "resolved": "https://registry.npmjs.org/domutils/-/domutils-1.5.1.tgz",
                  "from": "domutils@1.5.1"
                },
                "entities": {
                  "version": "1.0.0",
                  "resolved": "https://registry.npmjs.org/entities/-/entities-1.0.0.tgz",
                  "from": "entities@1.0.0"
                },
                "readable-stream": {
                  "version": "1.1.13",
                  "resolved": "https://registry.npmjs.org/readable-stream/-/readable-stream-1.1.13.tgz",
                  "from": "readable-stream@1.1.13",
                  "dependencies": {
                    "core-util-is": {
                      "version": "1.0.2",
                      "resolved": "https://registry.npmjs.org/core-util-is/-/core-util-is-1.0.2.tgz",
                      "from": "core-util-is@1.0.2"
                    },
                    "inherits": {
                      "version": "2.0.1",
                      "resolved": "https://registry.npmjs.org/inherits/-/inherits-2.0.1.tgz",
                      "from": "inherits@2.0.1"
                    },
                    "isarray": {
                      "version": "0.0.1",
                      "resolved": "https://registry.npmjs.org/isarray/-/isarray-0.0.1.tgz",
                      "from": "isarray@0.0.1"
                    },
                    "string_decoder": {
                      "version": "0.10.31",
                      "resolved": "https://registry.npmjs.org/string_decoder/-/string_decoder-0.10.31.tgz",
                      "from": "string_decoder@0.10.31"
                    }
                  }
                }
              }
            },
            "lodash": {
              "version": "3.10.1",
              "resolved": "https://registry.npmjs.org/lodash/-/lodash-3.10.1.tgz",
              "from": "lodash@3.10.1"
            }
          }
        },
        "got": {
          "version": "3.3.1",
          "resolved": "https://registry.npmjs.org/got/-/got-3.3.1.tgz",
          "from": "got@3.3.1",
          "dependencies": {
            "duplexify": {
              "version": "3.4.2",
              "resolved": "https://registry.npmjs.org/duplexify/-/duplexify-3.4.2.tgz",
              "from": "duplexify@3.4.2",
              "dependencies": {
                "end-of-stream": {
                  "version": "1.0.0",
                  "resolved": "https://registry.npmjs.org/end-of-stream/-/end-of-stream-1.0.0.tgz",
                  "from": "end-of-stream@1.0.0",
                  "dependencies": {
                    "once": {
                      "version": "1.3.3",
                      "resolved": "https://registry.npmjs.org/once/-/once-1.3.3.tgz",
                      "from": "once@1.3.3",
                      "dependencies": {
                        "wrappy": {
                          "version": "1.0.1",
                          "resolved": "https://registry.npmjs.org/wrappy/-/wrappy-1.0.1.tgz",
                          "from": "wrappy@1.0.1"
                        }
                      }
                    }
                  }
                },
                "readable-stream": {
                  "version": "2.0.5",
                  "resolved": "https://registry.npmjs.org/readable-stream/-/readable-stream-2.0.5.tgz",
                  "from": "readable-stream@2.0.5",
                  "dependencies": {
                    "core-util-is": {
                      "version": "1.0.2",
                      "resolved": "https://registry.npmjs.org/core-util-is/-/core-util-is-1.0.2.tgz",
                      "from": "core-util-is@1.0.2"
                    },
                    "inherits": {
                      "version": "2.0.1",
                      "resolved": "https://registry.npmjs.org/inherits/-/inherits-2.0.1.tgz",
                      "from": "inherits@2.0.1"
                    },
                    "isarray": {
                      "version": "0.0.1",
                      "resolved": "https://registry.npmjs.org/isarray/-/isarray-0.0.1.tgz",
                      "from": "isarray@0.0.1"
                    },
                    "process-nextick-args": {
                      "version": "1.0.6",
                      "resolved": "https://registry.npmjs.org/process-nextick-args/-/process-nextick-args-1.0.6.tgz",
                      "from": "process-nextick-args@1.0.6"
                    },
                    "string_decoder": {
                      "version": "0.10.31",
                      "resolved": "https://registry.npmjs.org/string_decoder/-/string_decoder-0.10.31.tgz",
                      "from": "string_decoder@0.10.31"
                    },
                    "util-deprecate": {
                      "version": "1.0.2",
                      "resolved": "https://registry.npmjs.org/util-deprecate/-/util-deprecate-1.0.2.tgz",
                      "from": "util-deprecate@1.0.2"
                    }
                  }
                }
              }
            },
            "infinity-agent": {
              "version": "2.0.3",
              "resolved": "https://registry.npmjs.org/infinity-agent/-/infinity-agent-2.0.3.tgz",
              "from": "infinity-agent@2.0.3"
            },
            "is-redirect": {
              "version": "1.0.0",
              "resolved": "https://registry.npmjs.org/is-redirect/-/is-redirect-1.0.0.tgz",
              "from": "is-redirect@1.0.0"
            },
            "is-stream": {
              "version": "1.0.1",
              "resolved": "https://registry.npmjs.org/is-stream/-/is-stream-1.0.1.tgz",
              "from": "is-stream@1.0.1"
            },
            "lowercase-keys": {
              "version": "1.0.0",
              "resolved": "https://registry.npmjs.org/lowercase-keys/-/lowercase-keys-1.0.0.tgz",
              "from": "lowercase-keys@1.0.0"
            },
            "nested-error-stacks": {
              "version": "1.0.2",
              "resolved": "https://registry.npmjs.org/nested-error-stacks/-/nested-error-stacks-1.0.2.tgz",
              "from": "nested-error-stacks@1.0.2",
              "dependencies": {
                "inherits": {
                  "version": "2.0.1",
                  "resolved": "https://registry.npmjs.org/inherits/-/inherits-2.0.1.tgz",
                  "from": "inherits@2.0.1"
                }
              }
            },
            "object-assign": {
              "version": "3.0.0",
              "resolved": "https://registry.npmjs.org/object-assign/-/object-assign-3.0.0.tgz",
              "from": "object-assign@3.0.0"
            },
            "prepend-http": {
              "version": "1.0.3",
              "resolved": "https://registry.npmjs.org/prepend-http/-/prepend-http-1.0.3.tgz",
              "from": "prepend-http@1.0.3"
            },
            "read-all-stream": {
              "version": "3.1.0",
              "resolved": "https://registry.npmjs.org/read-all-stream/-/read-all-stream-3.1.0.tgz",
              "from": "read-all-stream@3.1.0",
              "dependencies": {
                "pinkie-promise": {
                  "version": "2.0.0",
                  "resolved": "https://registry.npmjs.org/pinkie-promise/-/pinkie-promise-2.0.0.tgz",
                  "from": "pinkie-promise@2.0.0",
                  "dependencies": {
                    "pinkie": {
                      "version": "2.0.4",
                      "resolved": "https://registry.npmjs.org/pinkie/-/pinkie-2.0.4.tgz",
                      "from": "pinkie@2.0.4"
                    }
                  }
                },
                "readable-stream": {
                  "version": "2.0.5",
                  "resolved": "https://registry.npmjs.org/readable-stream/-/readable-stream-2.0.5.tgz",
                  "from": "readable-stream@2.0.5",
                  "dependencies": {
                    "core-util-is": {
                      "version": "1.0.2",
                      "resolved": "https://registry.npmjs.org/core-util-is/-/core-util-is-1.0.2.tgz",
                      "from": "core-util-is@1.0.2"
                    },
                    "inherits": {
                      "version": "2.0.1",
                      "resolved": "https://registry.npmjs.org/inherits/-/inherits-2.0.1.tgz",
                      "from": "inherits@2.0.1"
                    },
                    "isarray": {
                      "version": "0.0.1",
                      "resolved": "https://registry.npmjs.org/isarray/-/isarray-0.0.1.tgz",
                      "from": "isarray@0.0.1"
                    },
                    "process-nextick-args": {
                      "version": "1.0.6",
                      "resolved": "https://registry.npmjs.org/process-nextick-args/-/process-nextick-args-1.0.6.tgz",
                      "from": "process-nextick-args@1.0.6"
                    },
                    "string_decoder": {
                      "version": "0.10.31",
                      "resolved": "https://registry.npmjs.org/string_decoder/-/string_decoder-0.10.31.tgz",
                      "from": "string_decoder@0.10.31"
                    },
                    "util-deprecate": {
                      "version": "1.0.2",
                      "resolved": "https://registry.npmjs.org/util-deprecate/-/util-deprecate-1.0.2.tgz",
                      "from": "util-deprecate@1.0.2"
                    }
                  }
                }
              }
            },
            "timed-out": {
              "version": "2.0.0",
              "resolved": "https://registry.npmjs.org/timed-out/-/timed-out-2.0.0.tgz",
              "from": "timed-out@2.0.0"
            }
          }
        },
        "html-entities": {
          "version": "1.1.3",
          "resolved": "https://registry.npmjs.org/html-entities/-/html-entities-1.1.3.tgz",
          "from": "html-entities@1.1.3"
        },
        "j": {
          "version": "0.4.3",
          "resolved": "https://registry.npmjs.org/j/-/j-0.4.3.tgz",
          "from": "j@0.4.3",
          "dependencies": {
            "commander": {
              "version": "2.9.0",
              "resolved": "https://registry.npmjs.org/commander/-/commander-2.9.0.tgz",
              "from": "commander@2.9.0",
              "dependencies": {
                "graceful-readlink": {
                  "version": "1.0.1",
                  "resolved": "https://registry.npmjs.org/graceful-readlink/-/graceful-readlink-1.0.1.tgz",
                  "from": "graceful-readlink@1.0.1"
                }
              }
            },
            "concat-stream": {
              "version": "1.5.1",
              "resolved": "https://registry.npmjs.org/concat-stream/-/concat-stream-1.5.1.tgz",
              "from": "concat-stream@1.5.1",
              "dependencies": {
                "inherits": {
                  "version": "2.0.1",
                  "resolved": "https://registry.npmjs.org/inherits/-/inherits-2.0.1.tgz",
                  "from": "inherits@2.0.1"
                },
                "readable-stream": {
                  "version": "2.0.5",
                  "resolved": "https://registry.npmjs.org/readable-stream/-/readable-stream-2.0.5.tgz",
                  "from": "readable-stream@2.0.5",
                  "dependencies": {
                    "core-util-is": {
                      "version": "1.0.2",
                      "resolved": "https://registry.npmjs.org/core-util-is/-/core-util-is-1.0.2.tgz",
                      "from": "core-util-is@1.0.2"
                    },
                    "isarray": {
                      "version": "0.0.1",
                      "resolved": "https://registry.npmjs.org/isarray/-/isarray-0.0.1.tgz",
                      "from": "isarray@0.0.1"
                    },
                    "process-nextick-args": {
                      "version": "1.0.6",
                      "resolved": "https://registry.npmjs.org/process-nextick-args/-/process-nextick-args-1.0.6.tgz",
                      "from": "process-nextick-args@1.0.6"
                    },
                    "string_decoder": {
                      "version": "0.10.31",
                      "resolved": "https://registry.npmjs.org/string_decoder/-/string_decoder-0.10.31.tgz",
                      "from": "string_decoder@0.10.31"
                    },
                    "util-deprecate": {
                      "version": "1.0.2",
                      "resolved": "https://registry.npmjs.org/util-deprecate/-/util-deprecate-1.0.2.tgz",
                      "from": "util-deprecate@1.0.2"
                    }
                  }
                },
                "typedarray": {
                  "version": "0.0.6",
                  "resolved": "https://registry.npmjs.org/typedarray/-/typedarray-0.0.6.tgz",
                  "from": "typedarray@0.0.6"
                }
              }
            },
            "harb": {
              "version": "0.0.7",
              "resolved": "https://registry.npmjs.org/harb/-/harb-0.0.7.tgz",
              "from": "harb@0.0.7",
              "dependencies": {
                "babyparse": {
                  "version": "0.2.1",
                  "resolved": "https://registry.npmjs.org/babyparse/-/babyparse-0.2.1.tgz",
                  "from": "babyparse@0.2.1"
                },
                "codepage": {
                  "version": "1.4.0",
                  "resolved": "https://registry.npmjs.org/codepage/-/codepage-1.4.0.tgz",
                  "from": "codepage@1.4.0",
                  "dependencies": {
                    "exit-on-epipe": {
                      "version": "0.0.1",
                      "resolved": "https://registry.npmjs.org/exit-on-epipe/-/exit-on-epipe-0.0.1.tgz",
                      "from": "exit-on-epipe@0.0.1"
                    },
                    "voc": {
                      "version": "0.5.0",
                      "resolved": "https://registry.npmjs.org/voc/-/voc-0.5.0.tgz",
                      "from": "voc@0.5.0"
                    }
                  }
                },
                "ssf": {
                  "version": "0.8.2",
                  "resolved": "https://registry.npmjs.org/ssf/-/ssf-0.8.2.tgz",
                  "from": "ssf@0.8.2",
                  "dependencies": {
                    "colors": {
                      "version": "0.6.2",
                      "resolved": "https://registry.npmjs.org/colors/-/colors-0.6.2.tgz",
                      "from": "colors@0.6.2"
                    },
                    "frac": {
                      "version": "0.3.1",
                      "resolved": "https://registry.npmjs.org/frac/-/frac-0.3.1.tgz",
                      "from": "frac@0.3.1"
                    },
                    "voc": {
                      "version": "0.5.0",
                      "resolved": "https://registry.npmjs.org/voc/-/voc-0.5.0.tgz",
                      "from": "voc@0.5.0"
                    }
                  }
                }
              }
            },
            "xlsjs": {
              "version": "0.7.5",
              "resolved": "https://registry.npmjs.org/xlsjs/-/xlsjs-0.7.5.tgz",
              "from": "xlsjs@0.7.5",
              "dependencies": {
                "cfb": {
                  "version": "0.10.3",
                  "resolved": "https://registry.npmjs.org/cfb/-/cfb-0.10.3.tgz",
                  "from": "cfb@0.10.3"
                },
                "codepage": {
                  "version": "1.3.8",
                  "resolved": "https://registry.npmjs.org/codepage/-/codepage-1.3.8.tgz",
                  "from": "codepage@1.3.8",
                  "dependencies": {
                    "voc": {
                      "version": "0.5.0",
                      "resolved": "https://registry.npmjs.org/voc/-/voc-0.5.0.tgz",
                      "from": "voc@0.5.0"
                    }
                  }
                },
                "ssf": {
                  "version": "0.8.2",
                  "resolved": "https://registry.npmjs.org/ssf/-/ssf-0.8.2.tgz",
                  "from": "ssf@0.8.2",
                  "dependencies": {
                    "colors": {
                      "version": "0.6.2",
                      "resolved": "https://registry.npmjs.org/colors/-/colors-0.6.2.tgz",
                      "from": "colors@0.6.2"
                    },
                    "frac": {
                      "version": "0.3.1",
                      "resolved": "https://registry.npmjs.org/frac/-/frac-0.3.1.tgz",
                      "from": "frac@0.3.1"
                    },
                    "voc": {
                      "version": "0.5.0",
                      "resolved": "https://registry.npmjs.org/voc/-/voc-0.5.0.tgz",
                      "from": "voc@0.5.0"
                    }
                  }
                }
              }
            },
            "xlsx": {
              "version": "0.7.12",
              "resolved": "https://registry.npmjs.org/xlsx/-/xlsx-0.7.12.tgz",
              "from": "xlsx@0.7.12",
              "dependencies": {
                "adler-32": {
                  "version": "0.3.0",
                  "resolved": "https://registry.npmjs.org/adler-32/-/adler-32-0.3.0.tgz",
                  "from": "adler-32@0.3.0"
                },
                "cfb": {
                  "version": "0.10.3",
                  "resolved": "https://registry.npmjs.org/cfb/-/cfb-0.10.3.tgz",
                  "from": "cfb@0.10.3"
                },
                "codepage": {
                  "version": "1.3.8",
                  "resolved": "https://registry.npmjs.org/codepage/-/codepage-1.3.8.tgz",
                  "from": "codepage@1.3.8",
                  "dependencies": {
                    "voc": {
                      "version": "0.5.0",
                      "resolved": "https://registry.npmjs.org/voc/-/voc-0.5.0.tgz",
                      "from": "voc@0.5.0"
                    }
                  }
                },
                "crc-32": {
                  "version": "0.4.0",
                  "resolved": "https://registry.npmjs.org/crc-32/-/crc-32-0.4.0.tgz",
                  "from": "crc-32@0.4.0"
                },
                "jszip": {
                  "version": "2.4.0",
                  "resolved": "https://registry.npmjs.org/jszip/-/jszip-2.4.0.tgz",
                  "from": "jszip@2.4.0",
                  "dependencies": {
                    "pako": {
                      "version": "0.2.8",
                      "resolved": "https://registry.npmjs.org/pako/-/pako-0.2.8.tgz",
                      "from": "pako@0.2.8"
                    }
                  }
                },
                "ssf": {
                  "version": "0.8.2",
                  "resolved": "https://registry.npmjs.org/ssf/-/ssf-0.8.2.tgz",
                  "from": "ssf@0.8.2",
                  "dependencies": {
                    "colors": {
                      "version": "0.6.2",
                      "resolved": "https://registry.npmjs.org/colors/-/colors-0.6.2.tgz",
                      "from": "colors@0.6.2"
                    },
                    "frac": {
                      "version": "0.3.1",
                      "resolved": "https://registry.npmjs.org/frac/-/frac-0.3.1.tgz",
                      "from": "frac@0.3.1"
                    },
                    "voc": {
                      "version": "0.5.0",
                      "resolved": "https://registry.npmjs.org/voc/-/voc-0.5.0.tgz",
                      "from": "voc@0.5.0"
                    }
                  }
                }
              }
            }
          }
        },
        "marked": {
          "version": "0.3.3",
          "resolved": "https://registry.npmjs.org/marked/-/marked-0.3.3.tgz",
          "from": "marked@0.3.3"
        },
        "meow": {
          "version": "2.0.0",
          "resolved": "https://registry.npmjs.org/meow/-/meow-2.0.0.tgz",
          "from": "meow@2.0.0",
          "dependencies": {
            "camelcase-keys": {
              "version": "1.0.0",
              "resolved": "https://registry.npmjs.org/camelcase-keys/-/camelcase-keys-1.0.0.tgz",
              "from": "camelcase-keys@1.0.0",
              "dependencies": {
                "camelcase": {
                  "version": "1.2.1",
                  "resolved": "https://registry.npmjs.org/camelcase/-/camelcase-1.2.1.tgz",
                  "from": "camelcase@1.2.1"
                },
                "map-obj": {
                  "version": "1.0.1",
                  "resolved": "https://registry.npmjs.org/map-obj/-/map-obj-1.0.1.tgz",
                  "from": "map-obj@1.0.1"
                }
              }
            },
            "indent-string": {
              "version": "1.2.2",
              "resolved": "https://registry.npmjs.org/indent-string/-/indent-string-1.2.2.tgz",
              "from": "indent-string@1.2.2",
              "dependencies": {
                "get-stdin": {
                  "version": "4.0.1",
                  "resolved": "https://registry.npmjs.org/get-stdin/-/get-stdin-4.0.1.tgz",
                  "from": "get-stdin@4.0.1"
                },
                "repeating": {
                  "version": "1.1.3",
                  "resolved": "https://registry.npmjs.org/repeating/-/repeating-1.1.3.tgz",
                  "from": "repeating@1.1.3",
                  "dependencies": {
                    "is-finite": {
                      "version": "1.0.1",
                      "resolved": "https://registry.npmjs.org/is-finite/-/is-finite-1.0.1.tgz",
                      "from": "is-finite@1.0.1",
                      "dependencies": {
                        "number-is-nan": {
                          "version": "1.0.0",
                          "resolved": "https://registry.npmjs.org/number-is-nan/-/number-is-nan-1.0.0.tgz",
                          "from": "number-is-nan@1.0.0"
                        }
                      }
                    }
                  }
                }
              }
            },
            "minimist": {
              "version": "1.2.0",
              "resolved": "https://registry.npmjs.org/minimist/-/minimist-1.2.0.tgz",
              "from": "minimist@1.2.0"
            },
            "object-assign": {
              "version": "1.0.0",
              "resolved": "https://registry.npmjs.org/object-assign/-/object-assign-1.0.0.tgz",
              "from": "object-assign@1.0.0"
            }
          }
        },
        "mime": {
          "version": "1.3.4",
          "resolved": "https://registry.npmjs.org/mime/-/mime-1.3.4.tgz",
          "from": "mime@1.3.4"
        },
        "pdf-text-extract": {
          "version": "1.1.4",
          "resolved": "https://registry.npmjs.org/pdf-text-extract/-/pdf-text-extract-1.1.4.tgz",
          "from": "pdf-text-extract@1.1.4",
          "dependencies": {
            "yargs": {
              "version": "1.3.3",
              "resolved": "https://registry.npmjs.org/yargs/-/yargs-1.3.3.tgz",
              "from": "yargs@1.3.3"
            }
          }
        },
        "xmldom": {
          "version": "0.1.19",
          "resolved": "https://registry.npmjs.org/xmldom/-/xmldom-0.1.19.tgz",
          "from": "xmldom@0.1.19"
        },
        "xpath": {
          "version": "0.0.9",
          "resolved": "https://registry.npmjs.org/xpath/-/xpath-0.0.9.tgz",
          "from": "xpath@0.0.9"
        },
        "yauzl": {
          "version": "2.3.1",
          "resolved": "https://registry.npmjs.org/yauzl/-/yauzl-2.3.1.tgz",
          "from": "yauzl@2.3.1",
          "dependencies": {
            "fd-slicer": {
              "version": "1.0.1",
              "resolved": "https://registry.npmjs.org/fd-slicer/-/fd-slicer-1.0.1.tgz",
              "from": "fd-slicer@1.0.1"
            },
            "pend": {
              "version": "1.2.0",
              "resolved": "https://registry.npmjs.org/pend/-/pend-1.2.0.tgz",
              "from": "pend@1.2.0"
            }
          }
        }
      }
    },
    "xml2js": {
      "version": "0.4.9",
      "resolved": "https://registry.npmjs.org/xml2js/-/xml2js-0.4.9.tgz",
      "from": "xml2js@0.4.9",
      "dependencies": {
        "sax": {
          "version": "0.6.1",
          "resolved": "https://registry.npmjs.org/sax/-/sax-0.6.1.tgz",
          "from": "sax@0.6.1"
        },
        "xmlbuilder": {
          "version": "4.2.1",
          "resolved": "https://registry.npmjs.org/xmlbuilder/-/xmlbuilder-4.2.1.tgz",
          "from": "xmlbuilder@4.2.1",
          "dependencies": {
            "lodash": {
              "version": "4.0.0",
              "resolved": "https://registry.npmjs.org/lodash/-/lodash-4.0.0.tgz",
              "from": "lodash@4.0.0"
            }
          }
        }
      }
    }
  }
}
